// !$*UTF8*$!
{
	archiveVersion = 1;
	classes = {
	};
	objectVersion = 77;
	objects = {

/* Begin PBXBuildFile section */
		A716A5042E156D16009BB471 /* WidgetKit.framework in Frameworks */ = {isa = PBXBuildFile; fileRef = A716A4BF2E141759009BB471 /* WidgetKit.framework */; };
		A716A5052E156D16009BB471 /* WidgetKit.framework in Embed Frameworks */ = {isa = PBXBuildFile; fileRef = A716A4BF2E141759009BB471 /* WidgetKit.framework */; settings = {ATTRIBUTES = (CodeSignOnCopy, RemoveHeadersOnCopy, ); }; };
		A716A5072E156D19009BB471 /* SwiftUI.framework in Frameworks */ = {isa = PBXBuildFile; fileRef = A716A4C12E141759009BB471 /* SwiftUI.framework */; };
		A716A5082E156D19009BB471 /* SwiftUI.framework in Embed Frameworks */ = {isa = PBXBuildFile; fileRef = A716A4C12E141759009BB471 /* SwiftUI.framework */; settings = {ATTRIBUTES = (CodeSignOnCopy, RemoveHeadersOnCopy, ); }; };
		A716A50B2E157055009BB471 /* GaugeWidgetExtension.appex in Embed Foundation Extensions */ = {isa = PBXBuildFile; fileRef = A716A4BD2E141759009BB471 /* GaugeWidgetExtension.appex */; settings = {ATTRIBUTES = (RemoveHeadersOnCopy, ); }; };
/* End PBXBuildFile section */

/* Begin PBXContainerItemProxy section */
		A716A5092E156D3F009BB471 /* PBXContainerItemProxy */ = {
			isa = PBXContainerItemProxy;
			containerPortal = A716A4822E140EA1009BB471 /* Project object */;
			proxyType = 1;
			remoteGlobalIDString = A716A4BC2E141759009BB471;
			remoteInfo = GaugeWidgetExtension;
		};
		A716A50C2E157055009BB471 /* PBXContainerItemProxy */ = {
			isa = PBXContainerItemProxy;
			containerPortal = A716A4822E140EA1009BB471 /* Project object */;
			proxyType = 1;
			remoteGlobalIDString = A716A4BC2E141759009BB471;
			remoteInfo = GaugeWidgetExtension;
		};
		A716A50F2E157060009BB471 /* PBXContainerItemProxy */ = {
			isa = PBXContainerItemProxy;
			containerPortal = A716A4822E140EA1009BB471 /* Project object */;
			proxyType = 1;
			remoteGlobalIDString = A716A4BC2E141759009BB471;
			remoteInfo = GaugeWidgetExtension;
		};
/* End PBXContainerItemProxy section */

/* Begin PBXCopyFilesBuildPhase section */
		A716A5062E156D16009BB471 /* Embed Frameworks */ = {
			isa = PBXCopyFilesBuildPhase;
			buildActionMask = 2147483647;
			dstPath = "";
			dstSubfolderSpec = 10;
			files = (
				A716A5082E156D19009BB471 /* SwiftUI.framework in Embed Frameworks */,
				A716A5052E156D16009BB471 /* WidgetKit.framework in Embed Frameworks */,
			);
			name = "Embed Frameworks";
			runOnlyForDeploymentPostprocessing = 0;
		};
		A716A50E2E157055009BB471 /* Embed Foundation Extensions */ = {
			isa = PBXCopyFilesBuildPhase;
			buildActionMask = 2147483647;
			dstPath = "";
			dstSubfolderSpec = 13;
			files = (
				A716A50B2E157055009BB471 /* GaugeWidgetExtension.appex in Embed Foundation Extensions */,
			);
			name = "Embed Foundation Extensions";
			runOnlyForDeploymentPostprocessing = 0;
		};
/* End PBXCopyFilesBuildPhase section */

/* Begin PBXFileReference section */
		A716A48A2E140EA1009BB471 /* Gauge.app */ = {isa = PBXFileReference; explicitFileType = wrapper.application; includeInIndex = 0; path = Gauge.app; sourceTree = BUILT_PRODUCTS_DIR; };
		A716A4BD2E141759009BB471 /* GaugeWidgetExtension.appex */ = {isa = PBXFileReference; explicitFileType = "wrapper.app-extension"; includeInIndex = 0; path = GaugeWidgetExtension.appex; sourceTree = BUILT_PRODUCTS_DIR; };
		A716A4BF2E141759009BB471 /* WidgetKit.framework */ = {isa = PBXFileReference; lastKnownFileType = wrapper.framework; name = WidgetKit.framework; path = System/Library/Frameworks/WidgetKit.framework; sourceTree = SDKROOT; };
		A716A4C12E141759009BB471 /* SwiftUI.framework */ = {isa = PBXFileReference; lastKnownFileType = wrapper.framework; name = SwiftUI.framework; path = System/Library/Frameworks/SwiftUI.framework; sourceTree = SDKROOT; };
/* End PBXFileReference section */

/* Begin PBXFileSystemSynchronizedBuildFileExceptionSet section */
		A716A4D02E14175B009BB471 /* Exceptions for "GaugeWidget" folder in "GaugeWidgetExtension" target */ = {
			isa = PBXFileSystemSynchronizedBuildFileExceptionSet;
			membershipExceptions = (
				Info.plist,
			);
			target = A716A4BC2E141759009BB471 /* GaugeWidgetExtension */;
		};
		A716A4EB2E142DBB009BB471 /* Exceptions for "Gauge" folder in "GaugeWidgetExtension" target */ = {
			isa = PBXFileSystemSynchronizedBuildFileExceptionSet;
			membershipExceptions = (
				Models/GaugeResponse.swift,
				Services/GaugeService.swift,
				ViewModels/GaugeViewModel.swift,
				Views/GaugeChartView.swift,
				Views/GaugeColor.swift,
				Views/GaugeDialView.swift,
				Views/GaugeMainView.swift,
			);
			target = A716A4BC2E141759009BB471 /* GaugeWidgetExtension */;
		};
/* End PBXFileSystemSynchronizedBuildFileExceptionSet section */

/* Begin PBXFileSystemSynchronizedRootGroup section */
		A716A48C2E140EA1009BB471 /* Gauge */ = {
			isa = PBXFileSystemSynchronizedRootGroup;
			exceptions = (
				A716A4EB2E142DBB009BB471 /* Exceptions for "Gauge" folder in "GaugeWidgetExtension" target */,
			);
			path = Gauge;
			sourceTree = "<group>";
		};
		A716A4C32E141759009BB471 /* GaugeWidget */ = {
			isa = PBXFileSystemSynchronizedRootGroup;
			exceptions = (
				A716A4D02E14175B009BB471 /* Exceptions for "GaugeWidget" folder in "GaugeWidgetExtension" target */,
			);
			path = GaugeWidget;
			sourceTree = "<group>";
		};
/* End PBXFileSystemSynchronizedRootGroup section */

/* Begin PBXFrameworksBuildPhase section */
		A716A4872E140EA1009BB471 /* Frameworks */ = {
			isa = PBXFrameworksBuildPhase;
			buildActionMask = 2147483647;
			files = (
			);
			runOnlyForDeploymentPostprocessing = 0;
		};
		A716A4BA2E141759009BB471 /* Frameworks */ = {
			isa = PBXFrameworksBuildPhase;
			buildActionMask = 2147483647;
			files = (
				A716A5072E156D19009BB471 /* SwiftUI.framework in Frameworks */,
				A716A5042E156D16009BB471 /* WidgetKit.framework in Frameworks */,
			);
			runOnlyForDeploymentPostprocessing = 0;
		};
/* End PBXFrameworksBuildPhase section */

/* Begin PBXGroup section */
		A716A4812E140EA1009BB471 = {
			isa = PBXGroup;
			children = (
				A716A48C2E140EA1009BB471 /* Gauge */,
				A716A4C32E141759009BB471 /* GaugeWidget */,
				A716A4BE2E141759009BB471 /* Frameworks */,
				A716A48B2E140EA1009BB471 /* Products */,
			);
			sourceTree = "<group>";
		};
		A716A48B2E140EA1009BB471 /* Products */ = {
			isa = PBXGroup;
			children = (
				A716A48A2E140EA1009BB471 /* Gauge.app */,
				A716A4BD2E141759009BB471 /* GaugeWidgetExtension.appex */,
			);
			name = Products;
			sourceTree = "<group>";
		};
		A716A4BE2E141759009BB471 /* Frameworks */ = {
			isa = PBXGroup;
			children = (
				A716A4BF2E141759009BB471 /* WidgetKit.framework */,
				A716A4C12E141759009BB471 /* SwiftUI.framework */,
			);
			name = Frameworks;
			sourceTree = "<group>";
		};
/* End PBXGroup section */

/* Begin PBXNativeTarget section */
		A716A4892E140EA1009BB471 /* Gauge */ = {
			isa = PBXNativeTarget;
			buildConfigurationList = A716A4952E140EA4009BB471 /* Build configuration list for PBXNativeTarget "Gauge" */;
			buildPhases = (
				A716A4862E140EA1009BB471 /* Sources */,
				A716A4872E140EA1009BB471 /* Frameworks */,
				A716A4882E140EA1009BB471 /* Resources */,
				A716A50E2E157055009BB471 /* Embed Foundation Extensions */,
			);
			buildRules = (
			);
			dependencies = (
				A716A50A2E156D3F009BB471 /* PBXTargetDependency */,
				A716A50D2E157055009BB471 /* PBXTargetDependency */,
				A716A5102E157060009BB471 /* PBXTargetDependency */,
			);
			fileSystemSynchronizedGroups = (
				A716A48C2E140EA1009BB471 /* Gauge */,
			);
			name = Gauge;
			packageProductDependencies = (
			);
			productName = Gauge;
			productReference = A716A48A2E140EA1009BB471 /* Gauge.app */;
			productType = "com.apple.product-type.application";
		};
		A716A4BC2E141759009BB471 /* GaugeWidgetExtension */ = {
			isa = PBXNativeTarget;
			buildConfigurationList = A716A4D12E14175B009BB471 /* Build configuration list for PBXNativeTarget "GaugeWidgetExtension" */;
			buildPhases = (
				A716A4B92E141759009BB471 /* Sources */,
				A716A4BA2E141759009BB471 /* Frameworks */,
				A716A4BB2E141759009BB471 /* Resources */,
				A716A5062E156D16009BB471 /* Embed Frameworks */,
			);
			buildRules = (
			);
			dependencies = (
			);
			fileSystemSynchronizedGroups = (
				A716A4C32E141759009BB471 /* GaugeWidget */,
			);
			name = GaugeWidgetExtension;
			packageProductDependencies = (
			);
			productName = GaugeWidgetExtension;
			productReference = A716A4BD2E141759009BB471 /* GaugeWidgetExtension.appex */;
			productType = "com.apple.product-type.app-extension";
		};
/* End PBXNativeTarget section */

/* Begin PBXProject section */
		A716A4822E140EA1009BB471 /* Project object */ = {
			isa = PBXProject;
			attributes = {
				BuildIndependentTargetsInParallel = 1;
				LastSwiftUpdateCheck = 2600;
				LastUpgradeCheck = 2600;
				TargetAttributes = {
					A716A4892E140EA1009BB471 = {
						CreatedOnToolsVersion = 26.0;
					};
					A716A4BC2E141759009BB471 = {
						CreatedOnToolsVersion = 26.0;
					};
				};
			};
			buildConfigurationList = A716A4852E140EA1009BB471 /* Build configuration list for PBXProject "Gauge" */;
			developmentRegion = en;
			hasScannedForEncodings = 0;
			knownRegions = (
				en,
				Base,
			);
			mainGroup = A716A4812E140EA1009BB471;
			minimizedProjectReferenceProxies = 1;
			preferredProjectObjectVersion = 77;
			productRefGroup = A716A48B2E140EA1009BB471 /* Products */;
			projectDirPath = "";
			projectRoot = "";
			targets = (
				A716A4892E140EA1009BB471 /* Gauge */,
				A716A4BC2E141759009BB471 /* GaugeWidgetExtension */,
			);
		};
/* End PBXProject section */

/* Begin PBXResourcesBuildPhase section */
		A716A4882E140EA1009BB471 /* Resources */ = {
			isa = PBXResourcesBuildPhase;
			buildActionMask = 2147483647;
			files = (
			);
			runOnlyForDeploymentPostprocessing = 0;
		};
		A716A4BB2E141759009BB471 /* Resources */ = {
			isa = PBXResourcesBuildPhase;
			buildActionMask = 2147483647;
			files = (
			);
			runOnlyForDeploymentPostprocessing = 0;
		};
/* End PBXResourcesBuildPhase section */

/* Begin PBXSourcesBuildPhase section */
		A716A4862E140EA1009BB471 /* Sources */ = {
			isa = PBXSourcesBuildPhase;
			buildActionMask = 2147483647;
			files = (
			);
			runOnlyForDeploymentPostprocessing = 0;
		};
		A716A4B92E141759009BB471 /* Sources */ = {
			isa = PBXSourcesBuildPhase;
			buildActionMask = 2147483647;
			files = (
			);
			runOnlyForDeploymentPostprocessing = 0;
		};
/* End PBXSourcesBuildPhase section */

/* Begin PBXTargetDependency section */
		A716A50A2E156D3F009BB471 /* PBXTargetDependency */ = {
			isa = PBXTargetDependency;
			target = A716A4BC2E141759009BB471 /* GaugeWidgetExtension */;
			targetProxy = A716A5092E156D3F009BB471 /* PBXContainerItemProxy */;
		};
		A716A50D2E157055009BB471 /* PBXTargetDependency */ = {
			isa = PBXTargetDependency;
			target = A716A4BC2E141759009BB471 /* GaugeWidgetExtension */;
			targetProxy = A716A50C2E157055009BB471 /* PBXContainerItemProxy */;
		};
		A716A5102E157060009BB471 /* PBXTargetDependency */ = {
			isa = PBXTargetDependency;
			target = A716A4BC2E141759009BB471 /* GaugeWidgetExtension */;
			targetProxy = A716A50F2E157060009BB471 /* PBXContainerItemProxy */;
		};
/* End PBXTargetDependency section */

/* Begin XCBuildConfiguration section */
		A716A4932E140EA4009BB471 /* Debug */ = {
			isa = XCBuildConfiguration;
			buildSettings = {
				ALWAYS_SEARCH_USER_PATHS = NO;
				ASSETCATALOG_COMPILER_GENERATE_SWIFT_ASSET_SYMBOL_EXTENSIONS = YES;
				CLANG_ANALYZER_NONNULL = YES;
				CLANG_ANALYZER_NUMBER_OBJECT_CONVERSION = YES_AGGRESSIVE;
				CLANG_CXX_LANGUAGE_STANDARD = "gnu++20";
				CLANG_ENABLE_MODULES = YES;
				CLANG_ENABLE_OBJC_ARC = YES;
				CLANG_ENABLE_OBJC_WEAK = YES;
				CLANG_WARN_BLOCK_CAPTURE_AUTORELEASING = YES;
				CLANG_WARN_BOOL_CONVERSION = YES;
				CLANG_WARN_COMMA = YES;
				CLANG_WARN_CONSTANT_CONVERSION = YES;
				CLANG_WARN_DEPRECATED_OBJC_IMPLEMENTATIONS = YES;
				CLANG_WARN_DIRECT_OBJC_ISA_USAGE = YES_ERROR;
				CLANG_WARN_DOCUMENTATION_COMMENTS = YES;
				CLANG_WARN_EMPTY_BODY = YES;
				CLANG_WARN_ENUM_CONVERSION = YES;
				CLANG_WARN_INFINITE_RECURSION = YES;
				CLANG_WARN_INT_CONVERSION = YES;
				CLANG_WARN_NON_LITERAL_NULL_CONVERSION = YES;
				CLANG_WARN_OBJC_IMPLICIT_RETAIN_SELF = YES;
				CLANG_WARN_OBJC_LITERAL_CONVERSION = YES;
				CLANG_WARN_OBJC_ROOT_CLASS = YES_ERROR;
				CLANG_WARN_QUOTED_INCLUDE_IN_FRAMEWORK_HEADER = YES;
				CLANG_WARN_RANGE_LOOP_ANALYSIS = YES;
				CLANG_WARN_STRICT_PROTOTYPES = YES;
				CLANG_WARN_SUSPICIOUS_MOVE = YES;
				CLANG_WARN_UNGUARDED_AVAILABILITY = YES_AGGRESSIVE;
				CLANG_WARN_UNREACHABLE_CODE = YES;
				CLANG_WARN__DUPLICATE_METHOD_MATCH = YES;
				COPY_PHASE_STRIP = NO;
				DEBUG_INFORMATION_FORMAT = dwarf;
				DEVELOPMENT_TEAM = 9QNUSPJFWW;
				ENABLE_STRICT_OBJC_MSGSEND = YES;
				ENABLE_TESTABILITY = YES;
				ENABLE_USER_SCRIPT_SANDBOXING = YES;
				GCC_C_LANGUAGE_STANDARD = gnu17;
				GCC_DYNAMIC_NO_PIC = NO;
				GCC_NO_COMMON_BLOCKS = YES;
				GCC_OPTIMIZATION_LEVEL = 0;
				GCC_PREPROCESSOR_DEFINITIONS = (
					"DEBUG=1",
					"$(inherited)",
				);
				GCC_WARN_64_TO_32_BIT_CONVERSION = YES;
				GCC_WARN_ABOUT_RETURN_TYPE = YES_ERROR;
				GCC_WARN_UNDECLARED_SELECTOR = YES;
				GCC_WARN_UNINITIALIZED_AUTOS = YES_AGGRESSIVE;
				GCC_WARN_UNUSED_FUNCTION = YES;
				GCC_WARN_UNUSED_VARIABLE = YES;
				IPHONEOS_DEPLOYMENT_TARGET = 26.0;
				LOCALIZATION_PREFERS_STRING_CATALOGS = YES;
				MTL_ENABLE_DEBUG_INFO = INCLUDE_SOURCE;
				MTL_FAST_MATH = YES;
				ONLY_ACTIVE_ARCH = YES;
				SDKROOT = iphoneos;
				SWIFT_ACTIVE_COMPILATION_CONDITIONS = "DEBUG $(inherited)";
				SWIFT_OPTIMIZATION_LEVEL = "-Onone";
			};
			name = Debug;
		};
		A716A4942E140EA4009BB471 /* Release */ = {
			isa = XCBuildConfiguration;
			buildSettings = {
				ALWAYS_SEARCH_USER_PATHS = NO;
				ASSETCATALOG_COMPILER_GENERATE_SWIFT_ASSET_SYMBOL_EXTENSIONS = YES;
				CLANG_ANALYZER_NONNULL = YES;
				CLANG_ANALYZER_NUMBER_OBJECT_CONVERSION = YES_AGGRESSIVE;
				CLANG_CXX_LANGUAGE_STANDARD = "gnu++20";
				CLANG_ENABLE_MODULES = YES;
				CLANG_ENABLE_OBJC_ARC = YES;
				CLANG_ENABLE_OBJC_WEAK = YES;
				CLANG_WARN_BLOCK_CAPTURE_AUTORELEASING = YES;
				CLANG_WARN_BOOL_CONVERSION = YES;
				CLANG_WARN_COMMA = YES;
				CLANG_WARN_CONSTANT_CONVERSION = YES;
				CLANG_WARN_DEPRECATED_OBJC_IMPLEMENTATIONS = YES;
				CLANG_WARN_DIRECT_OBJC_ISA_USAGE = YES_ERROR;
				CLANG_WARN_DOCUMENTATION_COMMENTS = YES;
				CLANG_WARN_EMPTY_BODY = YES;
				CLANG_WARN_ENUM_CONVERSION = YES;
				CLANG_WARN_INFINITE_RECURSION = YES;
				CLANG_WARN_INT_CONVERSION = YES;
				CLANG_WARN_NON_LITERAL_NULL_CONVERSION = YES;
				CLANG_WARN_OBJC_IMPLICIT_RETAIN_SELF = YES;
				CLANG_WARN_OBJC_LITERAL_CONVERSION = YES;
				CLANG_WARN_OBJC_ROOT_CLASS = YES_ERROR;
				CLANG_WARN_QUOTED_INCLUDE_IN_FRAMEWORK_HEADER = YES;
				CLANG_WARN_RANGE_LOOP_ANALYSIS = YES;
				CLANG_WARN_STRICT_PROTOTYPES = YES;
				CLANG_WARN_SUSPICIOUS_MOVE = YES;
				CLANG_WARN_UNGUARDED_AVAILABILITY = YES_AGGRESSIVE;
				CLANG_WARN_UNREACHABLE_CODE = YES;
				CLANG_WARN__DUPLICATE_METHOD_MATCH = YES;
				COPY_PHASE_STRIP = NO;
				DEBUG_INFORMATION_FORMAT = "dwarf-with-dsym";
				DEVELOPMENT_TEAM = 9QNUSPJFWW;
				ENABLE_NS_ASSERTIONS = NO;
				ENABLE_STRICT_OBJC_MSGSEND = YES;
				ENABLE_USER_SCRIPT_SANDBOXING = YES;
				GCC_C_LANGUAGE_STANDARD = gnu17;
				GCC_NO_COMMON_BLOCKS = YES;
				GCC_WARN_64_TO_32_BIT_CONVERSION = YES;
				GCC_WARN_ABOUT_RETURN_TYPE = YES_ERROR;
				GCC_WARN_UNDECLARED_SELECTOR = YES;
				GCC_WARN_UNINITIALIZED_AUTOS = YES_AGGRESSIVE;
				GCC_WARN_UNUSED_FUNCTION = YES;
				GCC_WARN_UNUSED_VARIABLE = YES;
				IPHONEOS_DEPLOYMENT_TARGET = 26.0;
				LOCALIZATION_PREFERS_STRING_CATALOGS = YES;
				MTL_ENABLE_DEBUG_INFO = NO;
				MTL_FAST_MATH = YES;
				SDKROOT = iphoneos;
				SWIFT_COMPILATION_MODE = wholemodule;
				VALIDATE_PRODUCT = YES;
			};
			name = Release;
		};
		A716A4962E140EA4009BB471 /* Debug */ = {
			isa = XCBuildConfiguration;
			buildSettings = {
				ASSETCATALOG_COMPILER_APPICON_NAME = AppIcon;
				ASSETCATALOG_COMPILER_GLOBAL_ACCENT_COLOR_NAME = AccentColor;
				CODE_SIGN_STYLE = Automatic;
				CURRENT_PROJECT_VERSION = 1;
				DEVELOPMENT_TEAM = 9QNUSPJFWW;
				ENABLE_PREVIEWS = YES;
				GENERATE_INFOPLIST_FILE = YES;
				INFOPLIST_KEY_UIApplicationSceneManifest_Generation = YES;
				INFOPLIST_KEY_UIApplicationSupportsIndirectInputEvents = YES;
				INFOPLIST_KEY_UILaunchScreen_Generation = YES;
				INFOPLIST_KEY_UISupportedInterfaceOrientations_iPad = "UIInterfaceOrientationPortrait UIInterfaceOrientationPortraitUpsideDown UIInterfaceOrientationLandscapeLeft UIInterfaceOrientationLandscapeRight";
				INFOPLIST_KEY_UISupportedInterfaceOrientations_iPhone = "UIInterfaceOrientationPortrait UIInterfaceOrientationLandscapeLeft UIInterfaceOrientationLandscapeRight";
				LD_RUNPATH_SEARCH_PATHS = (
					"$(inherited)",
					"@executable_path/Frameworks",
				);
				MARKETING_VERSION = 1.0;
				PRODUCT_BUNDLE_IDENTIFIER = com.Hardwire.Gauge;
				PRODUCT_NAME = "$(TARGET_NAME)";
				STRING_CATALOG_GENERATE_SYMBOLS = YES;
				SWIFT_DEFAULT_ACTOR_ISOLATION = MainActor;
				SWIFT_EMIT_LOC_STRINGS = YES;
				SWIFT_UPCOMING_FEATURE_MEMBER_IMPORT_VISIBILITY = YES;
				SWIFT_VERSION = 5.0;
				TARGETED_DEVICE_FAMILY = "1,2";
			};
			name = Debug;
		};
		A716A4972E140EA4009BB471 /* Release */ = {
			isa = XCBuildConfiguration;
			buildSettings = {
				ASSETCATALOG_COMPILER_APPICON_NAME = AppIcon;
				ASSETCATALOG_COMPILER_GLOBAL_ACCENT_COLOR_NAME = AccentColor;
				CODE_SIGN_STYLE = Automatic;
				CURRENT_PROJECT_VERSION = 1;
				DEVELOPMENT_TEAM = 9QNUSPJFWW;
				ENABLE_PREVIEWS = YES;
				GENERATE_INFOPLIST_FILE = YES;
				INFOPLIST_KEY_UIApplicationSceneManifest_Generation = YES;
				INFOPLIST_KEY_UIApplicationSupportsIndirectInputEvents = YES;
				INFOPLIST_KEY_UILaunchScreen_Generation = YES;
				INFOPLIST_KEY_UISupportedInterfaceOrientations_iPad = "UIInterfaceOrientationPortrait UIInterfaceOrientationPortraitUpsideDown UIInterfaceOrientationLandscapeLeft UIInterfaceOrientationLandscapeRight";
				INFOPLIST_KEY_UISupportedInterfaceOrientations_iPhone = "UIInterfaceOrientationPortrait UIInterfaceOrientationLandscapeLeft UIInterfaceOrientationLandscapeRight";
				LD_RUNPATH_SEARCH_PATHS = (
					"$(inherited)",
					"@executable_path/Frameworks",
				);
				MARKETING_VERSION = 1.0;
				PRODUCT_BUNDLE_IDENTIFIER = com.Hardwire.Gauge;
				PRODUCT_NAME = "$(TARGET_NAME)";
				STRING_CATALOG_GENERATE_SYMBOLS = YES;
				SWIFT_DEFAULT_ACTOR_ISOLATION = MainActor;
				SWIFT_EMIT_LOC_STRINGS = YES;
				SWIFT_UPCOMING_FEATURE_MEMBER_IMPORT_VISIBILITY = YES;
				SWIFT_VERSION = 5.0;
				TARGETED_DEVICE_FAMILY = "1,2";
			};
			name = Release;
		};
		A716A4D22E14175B009BB471 /* Debug */ = {
			isa = XCBuildConfiguration;
			buildSettings = {
				ASSETCATALOG_COMPILER_GLOBAL_ACCENT_COLOR_NAME = AccentColor;
				ASSETCATALOG_COMPILER_WIDGET_BACKGROUND_COLOR_NAME = WidgetBackground;
				CODE_SIGN_STYLE = Automatic;
				CURRENT_PROJECT_VERSION = 1;
				DEVELOPMENT_TEAM = 9QNUSPJFWW;
				GENERATE_INFOPLIST_FILE = YES;
				INFOPLIST_FILE = GaugeWidget/Info.plist;
				INFOPLIST_KEY_CFBundleDisplayName = GaugeWidget;
				INFOPLIST_KEY_NSHumanReadableCopyright = "";
				LD_RUNPATH_SEARCH_PATHS = (
					"$(inherited)",
					"@executable_path/Frameworks",
					"@executable_path/../../Frameworks",
				);
				MARKETING_VERSION = 1.0;
				PRODUCT_BUNDLE_IDENTIFIER = com.Hardwire.Gauge.GaugeWidget;
				PRODUCT_NAME = "$(TARGET_NAME)";
				SKIP_INSTALL = YES;
				STRING_CATALOG_GENERATE_SYMBOLS = YES;
				SWIFT_EMIT_LOC_STRINGS = YES;
				SWIFT_UPCOMING_FEATURE_MEMBER_IMPORT_VISIBILITY = YES;
				SWIFT_VERSION = 5.0;
				TARGETED_DEVICE_FAMILY = "1,2";
			};
			name = Debug;
		};
		A716A4D32E14175B009BB471 /* Release */ = {
			isa = XCBuildConfiguration;
			buildSettings = {
				ASSETCATALOG_COMPILER_GLOBAL_ACCENT_COLOR_NAME = AccentColor;
				ASSETCATALOG_COMPILER_WIDGET_BACKGROUND_COLOR_NAME = WidgetBackground;
				CODE_SIGN_STYLE = Automatic;
				CURRENT_PROJECT_VERSION = 1;
				DEVELOPMENT_TEAM = 9QNUSPJFWW;
				GENERATE_INFOPLIST_FILE = YES;
				INFOPLIST_FILE = GaugeWidget/Info.plist;
				INFOPLIST_KEY_CFBundleDisplayName = GaugeWidget;
				INFOPLIST_KEY_NSHumanReadableCopyright = "";
				LD_RUNPATH_SEARCH_PATHS = (
					"$(inherited)",
					"@executable_path/Frameworks",
					"@executable_path/../../Frameworks",
				);
				MARKETING_VERSION = 1.0;
				PRODUCT_BUNDLE_IDENTIFIER = com.Hardwire.Gauge.GaugeWidget;
				PRODUCT_NAME = "$(TARGET_NAME)";
				SKIP_INSTALL = YES;
				STRING_CATALOG_GENERATE_SYMBOLS = YES;
				SWIFT_EMIT_LOC_STRINGS = YES;
				SWIFT_UPCOMING_FEATURE_MEMBER_IMPORT_VISIBILITY = YES;
				SWIFT_VERSION = 5.0;
				TARGETED_DEVICE_FAMILY = "1,2";
			};
			name = Release;
		};
/* End XCBuildConfiguration section */

/* Begin XCConfigurationList section */
		A716A4852E140EA1009BB471 /* Build configuration list for PBXProject "Gauge" */ = {
			isa = XCConfigurationList;
			buildConfigurations = (
				A716A4932E140EA4009BB471 /* Debug */,
				A716A4942E140EA4009BB471 /* Release */,
			);
			defaultConfigurationIsVisible = 0;
			defaultConfigurationName = Release;
		};
		A716A4952E140EA4009BB471 /* Build configuration list for PBXNativeTarget "Gauge" */ = {
			isa = XCConfigurationList;
			buildConfigurations = (
				A716A4962E140EA4009BB471 /* Debug */,
				A716A4972E140EA4009BB471 /* Release */,
			);
			defaultConfigurationIsVisible = 0;
			defaultConfigurationName = Release;
		};
		A716A4D12E14175B009BB471 /* Build configuration list for PBXNativeTarget "GaugeWidgetExtension" */ = {
			isa = XCConfigurationList;
			buildConfigurations = (
				A716A4D22E14175B009BB471 /* Debug */,
				A716A4D32E14175B009BB471 /* Release */,
			);
			defaultConfigurationIsVisible = 0;
			defaultConfigurationName = Release;
		};
/* End XCConfigurationList section */
	};
	rootObject = A716A4822E140EA1009BB471 /* Project object */;
}
